
Microsoft Visual Studio Solution File, Format Version 12.00
# Visual Studio 15
VisualStudioVersion = 15.0.25807.0
MinimumVisualStudioVersion = 10.0.40219.1
Project("{2150E333-8FDC-42A3-9474-1A3956D46DE8}") = "Engine", "Engine", "{46141F06-782E-4176-9396-013129D34B84}"
EndProject
Project("{2150E333-8FDC-42A3-9474-1A3956D46DE8}") = "Games", "Games", "{F93B8C8E-0CE0-4967-B945-73B837BB1285}"
EndProject
Project("{8BC9CEB8-8B4A-11D0-8D11-00A0C91BC942}") = "UE4", "Intermediate\ProjectFiles\UE4.vcxproj", "{EBE045B2-9F5E-4531-9503-90E370D6D5C9}"
EndProject
Project("{8BC9CEB8-8B4A-11D0-8D11-00A0C91BC942}") = "BuildingEscape", "Intermediate\ProjectFiles\BuildingEscape.vcxproj", "{39FA39A3-5B85-40B1-B358-64DF6924146B}"
EndProject
Global
	GlobalSection(SolutionConfigurationPlatforms) = preSolution
		DebugGame Editor|HTML5 = DebugGame Editor|HTML5
		DebugGame Editor|Win32 = DebugGame Editor|Win32
		DebugGame Editor|Win64 = DebugGame Editor|Win64
		DebugGame|HTML5 = DebugGame|HTML5
		DebugGame|Win32 = DebugGame|Win32
		DebugGame|Win64 = DebugGame|Win64
		Development Editor|HTML5 = Development Editor|HTML5
		Development Editor|Win32 = Development Editor|Win32
		Development Editor|Win64 = Development Editor|Win64
		Development|HTML5 = Development|HTML5
		Development|Win32 = Development|Win32
		Development|Win64 = Development|Win64
		Shipping|HTML5 = Shipping|HTML5
		Shipping|Win32 = Shipping|Win32
		Shipping|Win64 = Shipping|Win64
	EndGlobalSection
	GlobalSection(ProjectConfigurationPlatforms) = postSolution
		{EBE045B2-9F5E-4531-9503-90E370D6D5C9}.DebugGame Editor|HTML5.ActiveCfg = BuiltWithUnrealBuildTool|Win32
		{EBE045B2-9F5E-4531-9503-90E370D6D5C9}.DebugGame Editor|HTML5.Build.0 = BuiltWithUnrealBuildTool|Win32
		{EBE045B2-9F5E-4531-9503-90E370D6D5C9}.DebugGame Editor|Win32.ActiveCfg = BuiltWithUnrealBuildTool|Win32
		{EBE045B2-9F5E-4531-9503-90E370D6D5C9}.DebugGame Editor|Win32.Build.0 = BuiltWithUnrealBuildTool|Win32
		{EBE045B2-9F5E-4531-9503-90E370D6D5C9}.DebugGame Editor|Win64.ActiveCfg = BuiltWithUnrealBuildTool|Win32
		{EBE045B2-9F5E-4531-9503-90E370D6D5C9}.DebugGame Editor|Win64.Build.0 = BuiltWithUnrealBuildTool|Win32
		{EBE045B2-9F5E-4531-9503-90E370D6D5C9}.DebugGame|HTML5.ActiveCfg = BuiltWithUnrealBuildTool|Win32
		{EBE045B2-9F5E-4531-9503-90E370D6D5C9}.DebugGame|HTML5.Build.0 = BuiltWithUnrealBuildTool|Win32
		{EBE045B2-9F5E-4531-9503-90E370D6D5C9}.DebugGame|Win32.ActiveCfg = BuiltWithUnrealBuildTool|Win32
		{EBE045B2-9F5E-4531-9503-90E370D6D5C9}.DebugGame|Win32.Build.0 = BuiltWithUnrealBuildTool|Win32
		{EBE045B2-9F5E-4531-9503-90E370D6D5C9}.DebugGame|Win64.ActiveCfg = BuiltWithUnrealBuildTool|Win32
		{EBE045B2-9F5E-4531-9503-90E370D6D5C9}.DebugGame|Win64.Build.0 = BuiltWithUnrealBuildTool|Win32
		{EBE045B2-9F5E-4531-9503-90E370D6D5C9}.Development Editor|HTML5.ActiveCfg = BuiltWithUnrealBuildTool|Win32
		{EBE045B2-9F5E-4531-9503-90E370D6D5C9}.Development Editor|HTML5.Build.0 = BuiltWithUnrealBuildTool|Win32
		{EBE045B2-9F5E-4531-9503-90E370D6D5C9}.Development Editor|Win32.ActiveCfg = BuiltWithUnrealBuildTool|Win32
		{EBE045B2-9F5E-4531-9503-90E370D6D5C9}.Development Editor|Win32.Build.0 = BuiltWithUnrealBuildTool|Win32
		{EBE045B2-9F5E-4531-9503-90E370D6D5C9}.Development Editor|Win64.ActiveCfg = BuiltWithUnrealBuildTool|Win32
		{EBE045B2-9F5E-4531-9503-90E370D6D5C9}.Development Editor|Win64.Build.0 = BuiltWithUnrealBuildTool|Win32
		{EBE045B2-9F5E-4531-9503-90E370D6D5C9}.Development|HTML5.ActiveCfg = BuiltWithUnrealBuildTool|Win32
		{EBE045B2-9F5E-4531-9503-90E370D6D5C9}.Development|HTML5.Build.0 = BuiltWithUnrealBuildTool|Win32
		{EBE045B2-9F5E-4531-9503-90E370D6D5C9}.Development|Win32.ActiveCfg = BuiltWithUnrealBuildTool|Win32
		{EBE045B2-9F5E-4531-9503-90E370D6D5C9}.Development|Win32.Build.0 = BuiltWithUnrealBuildTool|Win32
		{EBE045B2-9F5E-4531-9503-90E370D6D5C9}.Development|Win64.ActiveCfg = BuiltWithUnrealBuildTool|Win32
		{EBE045B2-9F5E-4531-9503-90E370D6D5C9}.Development|Win64.Build.0 = BuiltWithUnrealBuildTool|Win32
		{EBE045B2-9F5E-4531-9503-90E370D6D5C9}.Shipping|HTML5.ActiveCfg = BuiltWithUnrealBuildTool|Win32
		{EBE045B2-9F5E-4531-9503-90E370D6D5C9}.Shipping|HTML5.Build.0 = BuiltWithUnrealBuildTool|Win32
		{EBE045B2-9F5E-4531-9503-90E370D6D5C9}.Shipping|Win32.ActiveCfg = BuiltWithUnrealBuildTool|Win32
		{EBE045B2-9F5E-4531-9503-90E370D6D5C9}.Shipping|Win32.Build.0 = BuiltWithUnrealBuildTool|Win32
		{EBE045B2-9F5E-4531-9503-90E370D6D5C9}.Shipping|Win64.ActiveCfg = BuiltWithUnrealBuildTool|Win32
		{EBE045B2-9F5E-4531-9503-90E370D6D5C9}.Shipping|Win64.Build.0 = BuiltWithUnrealBuildTool|Win32
		{39FA39A3-5B85-40B1-B358-64DF6924146B}.DebugGame Editor|HTML5.ActiveCfg = HTML5_DebugGame_Editor|Win32
		{39FA39A3-5B85-40B1-B358-64DF6924146B}.DebugGame Editor|Win32.ActiveCfg = DebugGame_Editor|Win32
		{39FA39A3-5B85-40B1-B358-64DF6924146B}.DebugGame Editor|Win64.ActiveCfg = DebugGame_Editor|x64
		{39FA39A3-5B85-40B1-B358-64DF6924146B}.DebugGame Editor|Win64.Build.0 = DebugGame_Editor|x64
		{39FA39A3-5B85-40B1-B358-64DF6924146B}.DebugGame|HTML5.ActiveCfg = HTML5_DebugGame_Game|Win32
		{39FA39A3-5B85-40B1-B358-64DF6924146B}.DebugGame|HTML5.Build.0 = HTML5_DebugGame_Game|Win32
		{39FA39A3-5B85-40B1-B358-64DF6924146B}.DebugGame|Win32.ActiveCfg = DebugGame_Game|Win32
		{39FA39A3-5B85-40B1-B358-64DF6924146B}.DebugGame|Win32.Build.0 = DebugGame_Game|Win32
		{39FA39A3-5B85-40B1-B358-64DF6924146B}.DebugGame|Win64.ActiveCfg = DebugGame_Game|x64
		{39FA39A3-5B85-40B1-B358-64DF6924146B}.DebugGame|Win64.Build.0 = DebugGame_Game|x64
		{39FA39A3-5B85-40B1-B358-64DF6924146B}.Development Editor|HTML5.ActiveCfg = HTML5_Development_Editor|Win32
		{39FA39A3-5B85-40B1-B358-64DF6924146B}.Development Editor|Win32.ActiveCfg = Development_Editor|Win32
		{39FA39A3-5B85-40B1-B358-64DF6924146B}.Development Editor|Win64.ActiveCfg = Development_Editor|x64
		{39FA39A3-5B85-40B1-B358-64DF6924146B}.Development Editor|Win64.Build.0 = Development_Editor|x64
		{39FA39A3-5B85-40B1-B358-64DF6924146B}.Development|HTML5.ActiveCfg = HTML5_Development_Game|Win32
		{39FA39A3-5B85-40B1-B358-64DF6924146B}.Development|HTML5.Build.0 = HTML5_Development_Game|Win32
		{39FA39A3-5B85-40B1-B358-64DF6924146B}.Development|Win32.ActiveCfg = Development_Game|Win32
		{39FA39A3-5B85-40B1-B358-64DF6924146B}.Development|Win32.Build.0 = Development_Game|Win32
		{39FA39A3-5B85-40B1-B358-64DF6924146B}.Development|Win64.ActiveCfg = Development_Game|x64
		{39FA39A3-5B85-40B1-B358-64DF6924146B}.Development|Win64.Build.0 = Development_Game|x64
		{39FA39A3-5B85-40B1-B358-64DF6924146B}.Shipping|HTML5.ActiveCfg = HTML5_Shipping_Game|Win32
		{39FA39A3-5B85-40B1-B358-64DF6924146B}.Shipping|HTML5.Build.0 = HTML5_Shipping_Game|Win32
		{39FA39A3-5B85-40B1-B358-64DF6924146B}.Shipping|Win32.ActiveCfg = Shipping_Game|Win32
		{39FA39A3-5B85-40B1-B358-64DF6924146B}.Shipping|Win32.Build.0 = Shipping_Game|Win32
		{39FA39A3-5B85-40B1-B358-64DF6924146B}.Shipping|Win64.ActiveCfg = Shipping_Game|x64
		{39FA39A3-5B85-40B1-B358-64DF6924146B}.Shipping|Win64.Build.0 = Shipping_Game|x64
	EndGlobalSection
	GlobalSection(SolutionProperties) = preSolution
		HideSolutionNode = FALSE
	EndGlobalSection
	GlobalSection(NestedProjects) = preSolution
		{EBE045B2-9F5E-4531-9503-90E370D6D5C9} = {46141F06-782E-4176-9396-013129D34B84}
		{39FA39A3-5B85-40B1-B358-64DF6924146B} = {F93B8C8E-0CE0-4967-B945-73B837BB1285}
	EndGlobalSection
	GlobalSection(ExtensibilityGlobals) = postSolution
		SolutionGuid = {225CEADC-57A1-478D-A568-4648CD9E33CD}
	EndGlobalSection
EndGlobal
